
Microsoft Visual Studio Solution File, Format Version 12.00
# Visual Studio Version 17
VisualStudioVersion = 17.0.32002.185
MinimumVisualStudioVersion = 10.0.40219.1
Project("{9A19103F-16F7-4668-BE54-9A1E7A4F7556}") = "Aulas_42-44", "Aulas_42-44.csproj", "{F6D79479-AB33-4C80-BA59-5E26E7EAA8CC}"
EndProject
Global
	GlobalSection(SolutionConfigurationPlatforms) = preSolution
		Debug|Any CPU = Debug|Any CPU
		Release|Any CPU = Release|Any CPU
	EndGlobalSection
	GlobalSection(ProjectConfigurationPlatforms) = postSolution
		{F6D79479-AB33-4C80-BA59-5E26E7EAA8CC}.Debug|Any CPU.ActiveCfg = Debug|Any CPU
		{F6D79479-AB33-4C80-BA59-5E26E7EAA8CC}.Debug|Any CPU.Build.0 = Debug|Any CPU
		{F6D79479-AB33-4C80-BA59-5E26E7EAA8CC}.Release|Any CPU.ActiveCfg = Release|Any CPU
		{F6D79479-AB33-4C80-BA59-5E26E7EAA8CC}.Release|Any CPU.Build.0 = Release|Any CPU
	EndGlobalSection
	GlobalSection(SolutionProperties) = preSolution
		HideSolutionNode = FALSE
	EndGlobalSection
	GlobalSection(ExtensibilityGlobals) = postSolution
		SolutionGuid = {FF0A2F2D-B92B-478D-A004-942C9F2BE40E}
	EndGlobalSection
EndGlobal
