
Microsoft Visual Studio Solution File, Format Version 12.00
# Visual Studio Version 17
VisualStudioVersion = 17.0.32002.185
MinimumVisualStudioVersion = 10.0.40219.1
Project("{FAE04EC0-301F-11D3-BF4B-00C04F79EFBC}") = "Aula_120_e_121", "Aula_120_e_121.csproj", "{FA3E470E-B9ED-4ED2-AE39-1EC0268A4D61}"
EndProject
Global
	GlobalSection(SolutionConfigurationPlatforms) = preSolution
		Debug|Any CPU = Debug|Any CPU
		Release|Any CPU = Release|Any CPU
	EndGlobalSection
	GlobalSection(ProjectConfigurationPlatforms) = postSolution
		{FA3E470E-B9ED-4ED2-AE39-1EC0268A4D61}.Debug|Any CPU.ActiveCfg = Debug|Any CPU
		{FA3E470E-B9ED-4ED2-AE39-1EC0268A4D61}.Debug|Any CPU.Build.0 = Debug|Any CPU
		{FA3E470E-B9ED-4ED2-AE39-1EC0268A4D61}.Release|Any CPU.ActiveCfg = Release|Any CPU
		{FA3E470E-B9ED-4ED2-AE39-1EC0268A4D61}.Release|Any CPU.Build.0 = Release|Any CPU
	EndGlobalSection
	GlobalSection(SolutionProperties) = preSolution
		HideSolutionNode = FALSE
	EndGlobalSection
	GlobalSection(ExtensibilityGlobals) = postSolution
		SolutionGuid = {0EAE5D22-6B8B-48BB-ABE3-4ECE1876DC32}
	EndGlobalSection
EndGlobal
