
Microsoft Visual Studio Solution File, Format Version 12.00
# Visual Studio Version 17
VisualStudioVersion = 17.1.32210.238
MinimumVisualStudioVersion = 10.0.40219.1
Project("{FAE04EC0-301F-11D3-BF4B-00C04F79EFBC}") = "Aula_190", "Aula_190\Aula_190.csproj", "{7B6900F5-ECA4-447E-B3D2-7D93BF9E1EC3}"
EndProject
Global
	GlobalSection(SolutionConfigurationPlatforms) = preSolution
		Debug|Any CPU = Debug|Any CPU
		Release|Any CPU = Release|Any CPU
	EndGlobalSection
	GlobalSection(ProjectConfigurationPlatforms) = postSolution
		{7B6900F5-ECA4-447E-B3D2-7D93BF9E1EC3}.Debug|Any CPU.ActiveCfg = Debug|Any CPU
		{7B6900F5-ECA4-447E-B3D2-7D93BF9E1EC3}.Debug|Any CPU.Build.0 = Debug|Any CPU
		{7B6900F5-ECA4-447E-B3D2-7D93BF9E1EC3}.Release|Any CPU.ActiveCfg = Release|Any CPU
		{7B6900F5-ECA4-447E-B3D2-7D93BF9E1EC3}.Release|Any CPU.Build.0 = Release|Any CPU
	EndGlobalSection
	GlobalSection(SolutionProperties) = preSolution
		HideSolutionNode = FALSE
	EndGlobalSection
	GlobalSection(ExtensibilityGlobals) = postSolution
		SolutionGuid = {AA74F68E-9736-4C36-A189-E17B8CF72D9C}
	EndGlobalSection
EndGlobal
