
Microsoft Visual Studio Solution File, Format Version 12.00
# Visual Studio Version 17
VisualStudioVersion = 17.0.32002.185
MinimumVisualStudioVersion = 10.0.40219.1
Project("{FAE04EC0-301F-11D3-BF4B-00C04F79EFBC}") = "Aula_126", "Aula_126.csproj", "{4BFB19DE-04AA-4AAA-BE0C-5F7E1451B9F5}"
EndProject
Global
	GlobalSection(SolutionConfigurationPlatforms) = preSolution
		Debug|Any CPU = Debug|Any CPU
		Release|Any CPU = Release|Any CPU
	EndGlobalSection
	GlobalSection(ProjectConfigurationPlatforms) = postSolution
		{4BFB19DE-04AA-4AAA-BE0C-5F7E1451B9F5}.Debug|Any CPU.ActiveCfg = Debug|Any CPU
		{4BFB19DE-04AA-4AAA-BE0C-5F7E1451B9F5}.Debug|Any CPU.Build.0 = Debug|Any CPU
		{4BFB19DE-04AA-4AAA-BE0C-5F7E1451B9F5}.Release|Any CPU.ActiveCfg = Release|Any CPU
		{4BFB19DE-04AA-4AAA-BE0C-5F7E1451B9F5}.Release|Any CPU.Build.0 = Release|Any CPU
	EndGlobalSection
	GlobalSection(SolutionProperties) = preSolution
		HideSolutionNode = FALSE
	EndGlobalSection
	GlobalSection(ExtensibilityGlobals) = postSolution
		SolutionGuid = {C7639734-53AD-4B92-B168-A726CE2B64A2}
	EndGlobalSection
EndGlobal
