
Microsoft Visual Studio Solution File, Format Version 12.00
# Visual Studio Version 17
VisualStudioVersion = 17.0.32002.185
MinimumVisualStudioVersion = 10.0.40219.1
Project("{FAE04EC0-301F-11D3-BF4B-00C04F79EFBC}") = "Aula_78", "Aula_78.csproj", "{03EB4103-891B-42A6-AA8D-464729374BDD}"
EndProject
Global
	GlobalSection(SolutionConfigurationPlatforms) = preSolution
		Debug|Any CPU = Debug|Any CPU
		Release|Any CPU = Release|Any CPU
	EndGlobalSection
	GlobalSection(ProjectConfigurationPlatforms) = postSolution
		{03EB4103-891B-42A6-AA8D-464729374BDD}.Debug|Any CPU.ActiveCfg = Debug|Any CPU
		{03EB4103-891B-42A6-AA8D-464729374BDD}.Debug|Any CPU.Build.0 = Debug|Any CPU
		{03EB4103-891B-42A6-AA8D-464729374BDD}.Release|Any CPU.ActiveCfg = Release|Any CPU
		{03EB4103-891B-42A6-AA8D-464729374BDD}.Release|Any CPU.Build.0 = Release|Any CPU
	EndGlobalSection
	GlobalSection(SolutionProperties) = preSolution
		HideSolutionNode = FALSE
	EndGlobalSection
	GlobalSection(ExtensibilityGlobals) = postSolution
		SolutionGuid = {5084B5AF-5573-45E5-A823-AE66E5F6CA54}
	EndGlobalSection
EndGlobal
