
Microsoft Visual Studio Solution File, Format Version 12.00
# Visual Studio Version 17
VisualStudioVersion = 17.0.32002.185
MinimumVisualStudioVersion = 10.0.40219.1
Project("{FAE04EC0-301F-11D3-BF4B-00C04F79EFBC}") = "Aula_127", "Aula_127.csproj", "{F5669336-10B4-4447-A871-A43DEA37D7F7}"
EndProject
Global
	GlobalSection(SolutionConfigurationPlatforms) = preSolution
		Debug|Any CPU = Debug|Any CPU
		Release|Any CPU = Release|Any CPU
	EndGlobalSection
	GlobalSection(ProjectConfigurationPlatforms) = postSolution
		{F5669336-10B4-4447-A871-A43DEA37D7F7}.Debug|Any CPU.ActiveCfg = Debug|Any CPU
		{F5669336-10B4-4447-A871-A43DEA37D7F7}.Debug|Any CPU.Build.0 = Debug|Any CPU
		{F5669336-10B4-4447-A871-A43DEA37D7F7}.Release|Any CPU.ActiveCfg = Release|Any CPU
		{F5669336-10B4-4447-A871-A43DEA37D7F7}.Release|Any CPU.Build.0 = Release|Any CPU
	EndGlobalSection
	GlobalSection(SolutionProperties) = preSolution
		HideSolutionNode = FALSE
	EndGlobalSection
	GlobalSection(ExtensibilityGlobals) = postSolution
		SolutionGuid = {84468E3B-A7CB-477D-B889-23AFEB0F06AE}
	EndGlobalSection
EndGlobal
