
Microsoft Visual Studio Solution File, Format Version 12.00
# Visual Studio Version 17
VisualStudioVersion = 17.0.32002.185
MinimumVisualStudioVersion = 10.0.40219.1
Project("{FAE04EC0-301F-11D3-BF4B-00C04F79EFBC}") = "Aula_81", "Aula_81.csproj", "{A41027F7-1954-4D23-8D7F-23B37E16FB83}"
EndProject
Global
	GlobalSection(SolutionConfigurationPlatforms) = preSolution
		Debug|Any CPU = Debug|Any CPU
		Release|Any CPU = Release|Any CPU
	EndGlobalSection
	GlobalSection(ProjectConfigurationPlatforms) = postSolution
		{A41027F7-1954-4D23-8D7F-23B37E16FB83}.Debug|Any CPU.ActiveCfg = Debug|Any CPU
		{A41027F7-1954-4D23-8D7F-23B37E16FB83}.Debug|Any CPU.Build.0 = Debug|Any CPU
		{A41027F7-1954-4D23-8D7F-23B37E16FB83}.Release|Any CPU.ActiveCfg = Release|Any CPU
		{A41027F7-1954-4D23-8D7F-23B37E16FB83}.Release|Any CPU.Build.0 = Release|Any CPU
	EndGlobalSection
	GlobalSection(SolutionProperties) = preSolution
		HideSolutionNode = FALSE
	EndGlobalSection
	GlobalSection(ExtensibilityGlobals) = postSolution
		SolutionGuid = {9BAB71E6-4A4A-43A3-8ED6-E9262ED0B4E7}
	EndGlobalSection
EndGlobal
