
Microsoft Visual Studio Solution File, Format Version 12.00
# Visual Studio Version 17
VisualStudioVersion = 17.1.32210.238
MinimumVisualStudioVersion = 10.0.40219.1
Project("{FAE04EC0-301F-11D3-BF4B-00C04F79EFBC}") = "Aula_204", "Aula_204\Aula_204.csproj", "{162502DB-6EDD-4848-BE15-CAA496EC9034}"
EndProject
Global
	GlobalSection(SolutionConfigurationPlatforms) = preSolution
		Debug|Any CPU = Debug|Any CPU
		Release|Any CPU = Release|Any CPU
	EndGlobalSection
	GlobalSection(ProjectConfigurationPlatforms) = postSolution
		{162502DB-6EDD-4848-BE15-CAA496EC9034}.Debug|Any CPU.ActiveCfg = Debug|Any CPU
		{162502DB-6EDD-4848-BE15-CAA496EC9034}.Debug|Any CPU.Build.0 = Debug|Any CPU
		{162502DB-6EDD-4848-BE15-CAA496EC9034}.Release|Any CPU.ActiveCfg = Release|Any CPU
		{162502DB-6EDD-4848-BE15-CAA496EC9034}.Release|Any CPU.Build.0 = Release|Any CPU
	EndGlobalSection
	GlobalSection(SolutionProperties) = preSolution
		HideSolutionNode = FALSE
	EndGlobalSection
	GlobalSection(ExtensibilityGlobals) = postSolution
		SolutionGuid = {196D04AD-E091-4284-AC6A-17AC90D195D1}
	EndGlobalSection
EndGlobal
