
Microsoft Visual Studio Solution File, Format Version 12.00
# Visual Studio Version 17
VisualStudioVersion = 17.0.32002.185
MinimumVisualStudioVersion = 10.0.40219.1
Project("{FAE04EC0-301F-11D3-BF4B-00C04F79EFBC}") = "Aula_123_Exercicio", "Aula_123_Exercicio.csproj", "{7E4A93B2-8D6E-4845-AB88-E8BA25E5794E}"
EndProject
Global
	GlobalSection(SolutionConfigurationPlatforms) = preSolution
		Debug|Any CPU = Debug|Any CPU
		Release|Any CPU = Release|Any CPU
	EndGlobalSection
	GlobalSection(ProjectConfigurationPlatforms) = postSolution
		{7E4A93B2-8D6E-4845-AB88-E8BA25E5794E}.Debug|Any CPU.ActiveCfg = Debug|Any CPU
		{7E4A93B2-8D6E-4845-AB88-E8BA25E5794E}.Debug|Any CPU.Build.0 = Debug|Any CPU
		{7E4A93B2-8D6E-4845-AB88-E8BA25E5794E}.Release|Any CPU.ActiveCfg = Release|Any CPU
		{7E4A93B2-8D6E-4845-AB88-E8BA25E5794E}.Release|Any CPU.Build.0 = Release|Any CPU
	EndGlobalSection
	GlobalSection(SolutionProperties) = preSolution
		HideSolutionNode = FALSE
	EndGlobalSection
	GlobalSection(ExtensibilityGlobals) = postSolution
		SolutionGuid = {88D4D1D9-C367-4501-A6E0-7B7671F3C723}
	EndGlobalSection
EndGlobal
